// !$*UTF8*$!
{
	archiveVersion = 1;
	classes = {
	};
	objectVersion = 46;
	objects = {

/* Begin PBXBuildFile section */
		2389106F1D51EA08004BB38F /* main.m in Sources */ = {isa = PBXBuildFile; fileRef = 2389106E1D51EA08004BB38F /* main.m */; };
		238910721D51EA08004BB38F /* AppDelegate.m in Sources */ = {isa = PBXBuildFile; fileRef = 238910711D51EA08004BB38F /* AppDelegate.m */; };
		238910751D51EA08004BB38F /* ViewController.m in Sources */ = {isa = PBXBuildFile; fileRef = 238910741D51EA08004BB38F /* ViewController.m */; };
		238910781D51EA08004BB38F /* Main.storyboard in Resources */ = {isa = PBXBuildFile; fileRef = 238910761D51EA08004BB38F /* Main.storyboard */; };
		2389107A1D51EA08004BB38F /* Assets.xcassets in Resources */ = {isa = PBXBuildFile; fileRef = 238910791D51EA08004BB38F /* Assets.xcassets */; };
		2389107D1D51EA08004BB38F /* LaunchScreen.storyboard in Resources */ = {isa = PBXBuildFile; fileRef = 2389107B1D51EA08004BB38F /* LaunchScreen.storyboard */; };
		238910861D51EA71004BB38F /* ContentView.m in Sources */ = {isa = PBXBuildFile; fileRef = 238910851D51EA71004BB38F /* ContentView.m */; };
		23A49C011D531CAC0083AFA7 /* SimpleVertex.glsl in Resources */ = {isa = PBXBuildFile; fileRef = 23A49C001D531CAC0083AFA7 /* SimpleVertex.glsl */; };
		23A49C031D531CE10083AFA7 /* SimpleFragment.glsl in Resources */ = {isa = PBXBuildFile; fileRef = 23A49C021D531CE10083AFA7 /* SimpleFragment.glsl */; };
/* End PBXBuildFile section */

/* Begin PBXFileReference section */
		2389106A1D51EA08004BB38F /* OpenGL.app */ = {isa = PBXFileReference; explicitFileType = wrapper.application; includeInIndex = 0; path = OpenGL.app; sourceTree = BUILT_PRODUCTS_DIR; };
		2389106E1D51EA08004BB38F /* main.m */ = {isa = PBXFileReference; lastKnownFileType = sourcecode.c.objc; path = main.m; sourceTree = "<group>"; };
		238910701D51EA08004BB38F /* AppDelegate.h */ = {isa = PBXFileReference; lastKnownFileType = sourcecode.c.h; path = AppDelegate.h; sourceTree = "<group>"; };
		238910711D51EA08004BB38F /* AppDelegate.m */ = {isa = PBXFileReference; lastKnownFileType = sourcecode.c.objc; path = AppDelegate.m; sourceTree = "<group>"; };
		238910731D51EA08004BB38F /* ViewController.h */ = {isa = PBXFileReference; lastKnownFileType = sourcecode.c.h; path = ViewController.h; sourceTree = "<group>"; };
		238910741D51EA08004BB38F /* ViewController.m */ = {isa = PBXFileReference; lastKnownFileType = sourcecode.c.objc; path = ViewController.m; sourceTree = "<group>"; };
		238910771D51EA08004BB38F /* Base */ = {isa = PBXFileReference; lastKnownFileType = file.storyboard; name = Base; path = Base.lproj/Main.storyboard; sourceTree = "<group>"; };
		238910791D51EA08004BB38F /* Assets.xcassets */ = {isa = PBXFileReference; lastKnownFileType = folder.assetcatalog; path = Assets.xcassets; sourceTree = "<group>"; };
		2389107C1D51EA08004BB38F /* Base */ = {isa = PBXFileReference; lastKnownFileType = file.storyboard; name = Base; path = Base.lproj/LaunchScreen.storyboard; sourceTree = "<group>"; };
		2389107E1D51EA08004BB38F /* Info.plist */ = {isa = PBXFileReference; lastKnownFileType = text.plist.xml; path = Info.plist; sourceTree = "<group>"; };
		238910841D51EA71004BB38F /* ContentView.h */ = {isa = PBXFileReference; fileEncoding = 4; lastKnownFileType = sourcecode.c.h; path = ContentView.h; sourceTree = "<group>"; };
		238910851D51EA71004BB38F /* ContentView.m */ = {isa = PBXFileReference; fileEncoding = 4; lastKnownFileType = sourcecode.c.objc; path = ContentView.m; sourceTree = "<group>"; };
		23A49C001D531CAC0083AFA7 /* SimpleVertex.glsl */ = {isa = PBXFileReference; fileEncoding = 4; lastKnownFileType = text; path = SimpleVertex.glsl; sourceTree = "<group>"; };
		23A49C021D531CE10083AFA7 /* SimpleFragment.glsl */ = {isa = PBXFileReference; fileEncoding = 4; lastKnownFileType = text; path = SimpleFragment.glsl; sourceTree = "<group>"; };
/* End PBXFileReference section */

/* Begin PBXFrameworksBuildPhase section */
		238910671D51EA08004BB38F /* Frameworks */ = {
			isa = PBXFrameworksBuildPhase;
			buildActionMask = 2147483647;
			files = (
			);
			runOnlyForDeploymentPostprocessing = 0;
		};
/* End PBXFrameworksBuildPhase section */

/* Begin PBXGroup section */
		238910611D51EA08004BB38F = {
			isa = PBXGroup;
			children = (
				2389106C1D51EA08004BB38F /* OpenGL */,
				2389106B1D51EA08004BB38F /* Products */,
			);
			sourceTree = "<group>";
		};
		2389106B1D51EA08004BB38F /* Products */ = {
			isa = PBXGroup;
			children = (
				2389106A1D51EA08004BB38F /* OpenGL.app */,
			);
			name = Products;
			sourceTree = "<group>";
		};
		2389106C1D51EA08004BB38F /* OpenGL */ = {
			isa = PBXGroup;
			children = (
				238910701D51EA08004BB38F /* AppDelegate.h */,
				238910711D51EA08004BB38F /* AppDelegate.m */,
				238910731D51EA08004BB38F /* ViewController.h */,
				238910741D51EA08004BB38F /* ViewController.m */,
				238910841D51EA71004BB38F /* ContentView.h */,
				238910851D51EA71004BB38F /* ContentView.m */,
				23A49C001D531CAC0083AFA7 /* SimpleVertex.glsl */,
				23A49C021D531CE10083AFA7 /* SimpleFragment.glsl */,
				238910761D51EA08004BB38F /* Main.storyboard */,
				238910791D51EA08004BB38F /* Assets.xcassets */,
				2389107B1D51EA08004BB38F /* LaunchScreen.storyboard */,
				2389107E1D51EA08004BB38F /* Info.plist */,
				2389106D1D51EA08004BB38F /* Supporting Files */,
			);
			path = OpenGL;
			sourceTree = "<group>";
		};
		2389106D1D51EA08004BB38F /* Supporting Files */ = {
			isa = PBXGroup;
			children = (
				2389106E1D51EA08004BB38F /* main.m */,
			);
			name = "Supporting Files";
			sourceTree = "<group>";
		};
/* End PBXGroup section */

/* Begin PBXNativeTarget section */
		238910691D51EA08004BB38F /* OpenGL */ = {
			isa = PBXNativeTarget;
			buildConfigurationList = 238910811D51EA08004BB38F /* Build configuration list for PBXNativeTarget "OpenGL" */;
			buildPhases = (
				238910661D51EA08004BB38F /* Sources */,
				238910671D51EA08004BB38F /* Frameworks */,
				238910681D51EA08004BB38F /* Resources */,
			);
			buildRules = (
			);
			dependencies = (
			);
			name = OpenGL;
			productName = OpenGL;
			productReference = 2389106A1D51EA08004BB38F /* OpenGL.app */;
			productType = "com.apple.product-type.application";
		};
/* End PBXNativeTarget section */

/* Begin PBXProject section */
		238910621D51EA08004BB38F /* Project object */ = {
			isa = PBXProject;
			attributes = {
				LastUpgradeCheck = 0730;
				ORGANIZATIONNAME = leomaster;
				TargetAttributes = {
					238910691D51EA08004BB38F = {
						CreatedOnToolsVersion = 7.3;
					};
				};
			};
			buildConfigurationList = 238910651D51EA08004BB38F /* Build configuration list for PBXProject "OpenGL" */;
			compatibilityVersion = "Xcode 3.2";
			developmentRegion = English;
			hasScannedForEncodings = 0;
			knownRegions = (
				en,
				Base,
			);
			mainGroup = 238910611D51EA08004BB38F;
			productRefGroup = 2389106B1D51EA08004BB38F /* Products */;
			projectDirPath = "";
			projectRoot = "";
			targets = (
				238910691D51EA08004BB38F /* OpenGL */,
			);
		};
/* End PBXProject section */

/* Begin PBXResourcesBuildPhase section */
		238910681D51EA08004BB38F /* Resources */ = {
			isa = PBXResourcesBuildPhase;
			buildActionMask = 2147483647;
			files = (
				2389107D1D51EA08004BB38F /* LaunchScreen.storyboard in Resources */,
				23A49C011D531CAC0083AFA7 /* SimpleVertex.glsl in Resources */,
				2389107A1D51EA08004BB38F /* Assets.xcassets in Resources */,
				238910781D51EA08004BB38F /* Main.storyboard in Resources */,
				23A49C031D531CE10083AFA7 /* SimpleFragment.glsl in Resources */,
			);
			runOnlyForDeploymentPostprocessing = 0;
		};
/* End PBXResourcesBuildPhase section */

/* Begin PBXSourcesBuildPhase section */
		238910661D51EA08004BB38F /* Sources */ = {
			isa = PBXSourcesBuildPhase;
			buildActionMask = 2147483647;
			files = (
				238910751D51EA08004BB38F /* ViewController.m in Sources */,
				238910721D51EA08004BB38F /* AppDelegate.m in Sources */,
				238910861D51EA71004BB38F /* ContentView.m in Sources */,
				2389106F1D51EA08004BB38F /* main.m in Sources */,
			);
			runOnlyForDeploymentPostprocessing = 0;
		};
/* End PBXSourcesBuildPhase section */

/* Begin PBXVariantGroup section */
		238910761D51EA08004BB38F /* Main.storyboard */ = {
			isa = PBXVariantGroup;
			children = (
				238910771D51EA08004BB38F /* Base */,
			);
			name = Main.storyboard;
			sourceTree = "<group>";
		};
		2389107B1D51EA08004BB38F /* LaunchScreen.storyboard */ = {
			isa = PBXVariantGroup;
			children = (
				2389107C1D51EA08004BB38F /* Base */,
			);
			name = LaunchScreen.storyboard;
			sourceTree = "<group>";
		};
/* End PBXVariantGroup section */

/* Begin XCBuildConfiguration section */
		2389107F1D51EA08004BB38F /* Debug */ = {
			isa = XCBuildConfiguration;
			buildSettings = {
				ALWAYS_SEARCH_USER_PATHS = NO;
				CLANG_ANALYZER_NONNULL = YES;
				CLANG_CXX_LANGUAGE_STANDARD = "gnu++0x";
				CLANG_CXX_LIBRARY = "libc++";
				CLANG_ENABLE_MODULES = YES;
				CLANG_ENABLE_OBJC_ARC = YES;
				CLANG_WARN_BOOL_CONVERSION = YES;
				CLANG_WARN_CONSTANT_CONVERSION = YES;
				CLANG_WARN_DIRECT_OBJC_ISA_USAGE = YES_ERROR;
				CLANG_WARN_EMPTY_BODY = YES;
				CLANG_WARN_ENUM_CONVERSION = YES;
				CLANG_WARN_INT_CONVERSION = YES;
				CLANG_WARN_OBJC_ROOT_CLASS = YES_ERROR;
				CLANG_WARN_UNREACHABLE_CODE = YES;
				CLANG_WARN__DUPLICATE_METHOD_MATCH = YES;
				"CODE_SIGN_IDENTITY[sdk=iphoneos*]" = "iPhone Developer";
				COPY_PHASE_STRIP = NO;
				DEBUG_INFORMATION_FORMAT = dwarf;
				ENABLE_STRICT_OBJC_MSGSEND = YES;
				ENABLE_TESTABILITY = YES;
				GCC_C_LANGUAGE_STANDARD = gnu99;
				GCC_DYNAMIC_NO_PIC = NO;
				GCC_NO_COMMON_BLOCKS = YES;
				GCC_OPTIMIZATION_LEVEL = 0;
				GCC_PREPROCESSOR_DEFINITIONS = (
					"DEBUG=1",
					"$(inherited)",
				);
				GCC_WARN_64_TO_32_BIT_CONVERSION = YES;
				GCC_WARN_ABOUT_RETURN_TYPE = YES_ERROR;
				GCC_WARN_UNDECLARED_SELECTOR = YES;
				GCC_WARN_UNINITIALIZED_AUTOS = YES_AGGRESSIVE;
				GCC_WARN_UNUSED_FUNCTION = YES;
				GCC_WARN_UNUSED_VARIABLE = YES;
				IPHONEOS_DEPLOYMENT_TARGET = 9.3;
				MTL_ENABLE_DEBUG_INFO = YES;
				ONLY_ACTIVE_ARCH = YES;
				SDKROOT = iphoneos;
			};
			name = Debug;
		};
		238910801D51EA08004BB38F /* Release */ = {
			isa = XCBuildConfiguration;
			buildSettings = {
				ALWAYS_SEARCH_USER_PATHS = NO;
				CLANG_ANALYZER_NONNULL = YES;
				CLANG_CXX_LANGUAGE_STANDARD = "gnu++0x";
				CLANG_CXX_LIBRARY = "libc++";
				CLANG_ENABLE_MODULES = YES;
				CLANG_ENABLE_OBJC_ARC = YES;
				CLANG_WARN_BOOL_CONVERSION = YES;
				CLANG_WARN_CONSTANT_CONVERSION = YES;
				CLANG_WARN_DIRECT_OBJC_ISA_USAGE = YES_ERROR;
				CLANG_WARN_EMPTY_BODY = YES;
				CLANG_WARN_ENUM_CONVERSION = YES;
				CLANG_WARN_INT_CONVERSION = YES;
				CLANG_WARN_OBJC_ROOT_CLASS = YES_ERROR;
				CLANG_WARN_UNREACHABLE_CODE = YES;
				CLANG_WARN__DUPLICATE_METHOD_MATCH = YES;
				"CODE_SIGN_IDENTITY[sdk=iphoneos*]" = "iPhone Developer";
				COPY_PHASE_STRIP = NO;
				DEBUG_INFORMATION_FORMAT = "dwarf-with-dsym";
				ENABLE_NS_ASSERTIONS = NO;
				ENABLE_STRICT_OBJC_MSGSEND = YES;
				GCC_C_LANGUAGE_STANDARD = gnu99;
				GCC_NO_COMMON_BLOCKS = YES;
				GCC_WARN_64_TO_32_BIT_CONVERSION = YES;
				GCC_WARN_ABOUT_RETURN_TYPE = YES_ERROR;
				GCC_WARN_UNDECLARED_SELECTOR = YES;
				GCC_WARN_UNINITIALIZED_AUTOS = YES_AGGRESSIVE;
				GCC_WARN_UNUSED_FUNCTION = YES;
				GCC_WARN_UNUSED_VARIABLE = YES;
				IPHONEOS_DEPLOYMENT_TARGET = 9.3;
				MTL_ENABLE_DEBUG_INFO = NO;
				SDKROOT = iphoneos;
				VALIDATE_PRODUCT = YES;
			};
			name = Release;
		};
		238910821D51EA08004BB38F /* Debug */ = {
			isa = XCBuildConfiguration;
			buildSettings = {
				ASSETCATALOG_COMPILER_APPICON_NAME = AppIcon;
				INFOPLIST_FILE = OpenGL/Info.plist;
				LD_RUNPATH_SEARCH_PATHS = "$(inherited) @executable_path/Frameworks";
				PRODUCT_BUNDLE_IDENTIFIER = com.leo.OpenGL;
				PRODUCT_NAME = "$(TARGET_NAME)";
			};
			name = Debug;
		};
		238910831D51EA08004BB38F /* Release */ = {
			isa = XCBuildConfiguration;
			buildSettings = {
				ASSETCATALOG_COMPILER_APPICON_NAME = AppIcon;
				INFOPLIST_FILE = OpenGL/Info.plist;
				LD_RUNPATH_SEARCH_PATHS = "$(inherited) @executable_path/Frameworks";
				PRODUCT_BUNDLE_IDENTIFIER = com.leo.OpenGL;
				PRODUCT_NAME = "$(TARGET_NAME)";
			};
			name = Release;
		};
/* End XCBuildConfiguration section */

/* Begin XCConfigurationList section */
		238910651D51EA08004BB38F /* Build configuration list for PBXProject "OpenGL" */ = {
			isa = XCConfigurationList;
			buildConfigurations = (
				2389107F1D51EA08004BB38F /* Debug */,
				238910801D51EA08004BB38F /* Release */,
			);
			defaultConfigurationIsVisible = 0;
			defaultConfigurationName = Release;
		};
		238910811D51EA08004BB38F /* Build configuration list for PBXNativeTarget "OpenGL" */ = {
			isa = XCConfigurationList;
			buildConfigurations = (
				238910821D51EA08004BB38F /* Debug */,
				238910831D51EA08004BB38F /* Release */,
			);
			defaultConfigurationIsVisible = 0;
			defaultConfigurationName = Release;
		};
/* End XCConfigurationList section */
	};
	rootObject = 238910621D51EA08004BB38F /* Project object */;
}
